
Microsoft Visual Studio Solution File, Format Version 12.00
# Visual Studio Version 16
VisualStudioVersion = 16.0.30804.86
MinimumVisualStudioVersion = 10.0.40219.1
Project("{FAE04EC0-301F-11D3-BF4B-00C04F79EFBC}") = "TestProject", "TestProject\TestProject.csproj", "{10F5CA2B-CC51-431A-95CF-442470EFC5C8}"
EndProject
Project("{FAE04EC0-301F-11D3-BF4B-00C04F79EFBC}") = "UnitTestProjectTest", "UnitTestProjectTest\UnitTestProjectTest.csproj", "{E49FCA2B-02F1-43F3-BDF6-34FCD77CCC34}"
EndProject
Global
	GlobalSection(SolutionConfigurationPlatforms) = preSolution
		Debug|Any CPU = Debug|Any CPU
		Release|Any CPU = Release|Any CPU
	EndGlobalSection
	GlobalSection(ProjectConfigurationPlatforms) = postSolution
		{10F5CA2B-CC51-431A-95CF-442470EFC5C8}.Debug|Any CPU.ActiveCfg = Debug|Any CPU
		{10F5CA2B-CC51-431A-95CF-442470EFC5C8}.Debug|Any CPU.Build.0 = Debug|Any CPU
		{10F5CA2B-CC51-431A-95CF-442470EFC5C8}.Release|Any CPU.ActiveCfg = Release|Any CPU
		{10F5CA2B-CC51-431A-95CF-442470EFC5C8}.Release|Any CPU.Build.0 = Release|Any CPU
		{E49FCA2B-02F1-43F3-BDF6-34FCD77CCC34}.Debug|Any CPU.ActiveCfg = Debug|Any CPU
		{E49FCA2B-02F1-43F3-BDF6-34FCD77CCC34}.Debug|Any CPU.Build.0 = Debug|Any CPU
		{E49FCA2B-02F1-43F3-BDF6-34FCD77CCC34}.Release|Any CPU.ActiveCfg = Release|Any CPU
		{E49FCA2B-02F1-43F3-BDF6-34FCD77CCC34}.Release|Any CPU.Build.0 = Release|Any CPU
	EndGlobalSection
	GlobalSection(SolutionProperties) = preSolution
		HideSolutionNode = FALSE
	EndGlobalSection
	GlobalSection(ExtensibilityGlobals) = postSolution
		SolutionGuid = {A6ED9AEF-9C35-40C7-A587-ACB6D15C2731}
	EndGlobalSection
EndGlobal
