
Microsoft Visual Studio Solution File, Format Version 12.00
# Visual Studio Version 16
VisualStudioVersion = 16.0.31005.135
MinimumVisualStudioVersion = 10.0.40219.1
Project("{FAE04EC0-301F-11D3-BF4B-00C04F79EFBC}") = "BuildDB", "BuildDB\BuildDB.csproj", "{65DB12B8-17A0-48C7-BAA5-4E601011F2BA}"
EndProject
Global
	GlobalSection(SolutionConfigurationPlatforms) = preSolution
		Debug|Any CPU = Debug|Any CPU
		Release|Any CPU = Release|Any CPU
	EndGlobalSection
	GlobalSection(ProjectConfigurationPlatforms) = postSolution
		{65DB12B8-17A0-48C7-BAA5-4E601011F2BA}.Debug|Any CPU.ActiveCfg = Debug|Any CPU
		{65DB12B8-17A0-48C7-BAA5-4E601011F2BA}.Debug|Any CPU.Build.0 = Debug|Any CPU
		{65DB12B8-17A0-48C7-BAA5-4E601011F2BA}.Release|Any CPU.ActiveCfg = Release|Any CPU
		{65DB12B8-17A0-48C7-BAA5-4E601011F2BA}.Release|Any CPU.Build.0 = Release|Any CPU
	EndGlobalSection
	GlobalSection(SolutionProperties) = preSolution
		HideSolutionNode = FALSE
	EndGlobalSection
	GlobalSection(ExtensibilityGlobals) = postSolution
		SolutionGuid = {275F1D1A-725D-4523-BCD9-C0C3099A2495}
	EndGlobalSection
EndGlobal
